
Microsoft Visual Studio Solution File, Format Version 12.00
# Visual Studio 15
VisualStudioVersion = 15.0.26124.0
MinimumVisualStudioVersion = 15.0.26124.0
Project("{2150E333-8FDC-42A3-9474-1A3956D46DE8}") = "Source", "Source", "{9E39ECAC-44A0-4216-A861-D87F8EAE8889}"
EndProject
Project("{FAE04EC0-301F-11D3-BF4B-00C04F79EFBC}") = "WebUI", "Source\WebUI\WebUI.csproj", "{0A3643B7-AC90-4FBE-90FC-E35369AD1A46}"
EndProject
Project("{2150E333-8FDC-42A3-9474-1A3956D46DE8}") = "WebApi", "WebApi", "{AEAC06C0-0E8B-401D-98DD-5911CB95A969}"
EndProject
Project("{FAE04EC0-301F-11D3-BF4B-00C04F79EFBC}") = "Web", "Source\WebApi\Web\Web.csproj", "{69766551-5F9A-4E07-9E4F-7F7F815B56AA}"
EndProject
Global
	GlobalSection(SolutionProperties) = preSolution
		HideSolutionNode = FALSE
	EndGlobalSection
	GlobalSection(SolutionConfigurationPlatforms) = preSolution
		Debug|Any CPU = Debug|Any CPU
		Debug|x64 = Debug|x64
		Debug|x86 = Debug|x86
		Release|Any CPU = Release|Any CPU
		Release|x64 = Release|x64
		Release|x86 = Release|x86
	EndGlobalSection
	GlobalSection(ProjectConfigurationPlatforms) = postSolution
		{0A3643B7-AC90-4FBE-90FC-E35369AD1A46}.Debug|Any CPU.ActiveCfg = Debug|Any CPU
		{0A3643B7-AC90-4FBE-90FC-E35369AD1A46}.Debug|Any CPU.Build.0 = Debug|Any CPU
		{0A3643B7-AC90-4FBE-90FC-E35369AD1A46}.Debug|x64.ActiveCfg = Debug|Any CPU
		{0A3643B7-AC90-4FBE-90FC-E35369AD1A46}.Debug|x64.Build.0 = Debug|Any CPU
		{0A3643B7-AC90-4FBE-90FC-E35369AD1A46}.Debug|x86.ActiveCfg = Debug|Any CPU
		{0A3643B7-AC90-4FBE-90FC-E35369AD1A46}.Debug|x86.Build.0 = Debug|Any CPU
		{0A3643B7-AC90-4FBE-90FC-E35369AD1A46}.Release|Any CPU.ActiveCfg = Release|Any CPU
		{0A3643B7-AC90-4FBE-90FC-E35369AD1A46}.Release|Any CPU.Build.0 = Release|Any CPU
		{0A3643B7-AC90-4FBE-90FC-E35369AD1A46}.Release|x64.ActiveCfg = Release|Any CPU
		{0A3643B7-AC90-4FBE-90FC-E35369AD1A46}.Release|x64.Build.0 = Release|Any CPU
		{0A3643B7-AC90-4FBE-90FC-E35369AD1A46}.Release|x86.ActiveCfg = Release|Any CPU
		{0A3643B7-AC90-4FBE-90FC-E35369AD1A46}.Release|x86.Build.0 = Release|Any CPU
		{69766551-5F9A-4E07-9E4F-7F7F815B56AA}.Debug|Any CPU.ActiveCfg = Debug|Any CPU
		{69766551-5F9A-4E07-9E4F-7F7F815B56AA}.Debug|Any CPU.Build.0 = Debug|Any CPU
		{69766551-5F9A-4E07-9E4F-7F7F815B56AA}.Debug|x64.ActiveCfg = Debug|Any CPU
		{69766551-5F9A-4E07-9E4F-7F7F815B56AA}.Debug|x64.Build.0 = Debug|Any CPU
		{69766551-5F9A-4E07-9E4F-7F7F815B56AA}.Debug|x86.ActiveCfg = Debug|Any CPU
		{69766551-5F9A-4E07-9E4F-7F7F815B56AA}.Debug|x86.Build.0 = Debug|Any CPU
		{69766551-5F9A-4E07-9E4F-7F7F815B56AA}.Release|Any CPU.ActiveCfg = Release|Any CPU
		{69766551-5F9A-4E07-9E4F-7F7F815B56AA}.Release|Any CPU.Build.0 = Release|Any CPU
		{69766551-5F9A-4E07-9E4F-7F7F815B56AA}.Release|x64.ActiveCfg = Release|Any CPU
		{69766551-5F9A-4E07-9E4F-7F7F815B56AA}.Release|x64.Build.0 = Release|Any CPU
		{69766551-5F9A-4E07-9E4F-7F7F815B56AA}.Release|x86.ActiveCfg = Release|Any CPU
		{69766551-5F9A-4E07-9E4F-7F7F815B56AA}.Release|x86.Build.0 = Release|Any CPU
	EndGlobalSection
	GlobalSection(NestedProjects) = preSolution
		{0A3643B7-AC90-4FBE-90FC-E35369AD1A46} = {9E39ECAC-44A0-4216-A861-D87F8EAE8889}
		{AEAC06C0-0E8B-401D-98DD-5911CB95A969} = {9E39ECAC-44A0-4216-A861-D87F8EAE8889}
		{69766551-5F9A-4E07-9E4F-7F7F815B56AA} = {AEAC06C0-0E8B-401D-98DD-5911CB95A969}
	EndGlobalSection
EndGlobal
